// !$*UTF8*$!
{
	archiveVersion = 1;
	classes = {
	};
	objectVersion = 51;
	objects = {

/* Begin PBXBuildFile section */
		E627BA98242A139E0034792D /* AppDelegate.m in Sources */ = {isa = PBXBuildFile; fileRef = E627BA97242A139E0034792D /* AppDelegate.m */; };
		E627BA9B242A139E0034792D /* SceneDelegate.m in Sources */ = {isa = PBXBuildFile; fileRef = E627BA9A242A139E0034792D /* SceneDelegate.m */; };
		E627BAA1242A139E0034792D /* Main.storyboard in Resources */ = {isa = PBXBuildFile; fileRef = E627BA9F242A139E0034792D /* Main.storyboard */; };
		E627BAA4242A139E0034792D /* GoogleBooksWithCoreData.xcdatamodeld in Sources */ = {isa = PBXBuildFile; fileRef = E627BAA2242A139E0034792D /* GoogleBooksWithCoreData.xcdatamodeld */; };
		E627BAA6242A13A20034792D /* Assets.xcassets in Resources */ = {isa = PBXBuildFile; fileRef = E627BAA5242A13A20034792D /* Assets.xcassets */; };
		E627BAA9242A13A20034792D /* LaunchScreen.storyboard in Resources */ = {isa = PBXBuildFile; fileRef = E627BAA7242A13A20034792D /* LaunchScreen.storyboard */; };
		E627BAAC242A13A20034792D /* main.m in Sources */ = {isa = PBXBuildFile; fileRef = E627BAAB242A13A20034792D /* main.m */; };
		E627BABD242A19440034792D /* ITS_ServiceUtils.m in Sources */ = {isa = PBXBuildFile; fileRef = E627BABC242A19440034792D /* ITS_ServiceUtils.m */; };
		E627BAC0242A199C0034792D /* ITS_ServiceManager.m in Sources */ = {isa = PBXBuildFile; fileRef = E627BABF242A199C0034792D /* ITS_ServiceManager.m */; };
		E627BAC3242A1AF20034792D /* ITS_Repository.m in Sources */ = {isa = PBXBuildFile; fileRef = E627BAC2242A1AF20034792D /* ITS_Repository.m */; };
		E627BAC7242A1DC60034792D /* ITS_BookSearchViewModel.m in Sources */ = {isa = PBXBuildFile; fileRef = E627BAC6242A1DC60034792D /* ITS_BookSearchViewModel.m */; };
		E627BAE4242A22E60034792D /* ITS_BookSearchViewController.m in Sources */ = {isa = PBXBuildFile; fileRef = E627BAE3242A22E60034792D /* ITS_BookSearchViewController.m */; };
		E627BAEA242A242B0034792D /* ITS_BookTableViewCell.m in Sources */ = {isa = PBXBuildFile; fileRef = E627BAE8242A242B0034792D /* ITS_BookTableViewCell.m */; };
		E627BAEB242A242B0034792D /* ITS_BookTableViewCell.xib in Resources */ = {isa = PBXBuildFile; fileRef = E627BAE9242A242B0034792D /* ITS_BookTableViewCell.xib */; };
		E627BAF7242A2CBD0034792D /* ITS_CoreDataManager.m in Sources */ = {isa = PBXBuildFile; fileRef = E627BAF6242A2CBD0034792D /* ITS_CoreDataManager.m */; };
		E67C9A38242A3EE500C265F4 /* Book+CoreDataClass.m in Sources */ = {isa = PBXBuildFile; fileRef = E67C9A36242A3EE500C265F4 /* Book+CoreDataClass.m */; };
		E67C9A39242A3EE500C265F4 /* Book+CoreDataProperties.m in Sources */ = {isa = PBXBuildFile; fileRef = E67C9A37242A3EE500C265F4 /* Book+CoreDataProperties.m */; };
		E67C9A3C242A564200C265F4 /* ITS_FavoritesViewController.m in Sources */ = {isa = PBXBuildFile; fileRef = E67C9A3B242A564200C265F4 /* ITS_FavoritesViewController.m */; };
		E67C9A3F242A570000C265F4 /* ITS_FavoritesViewModel.m in Sources */ = {isa = PBXBuildFile; fileRef = E67C9A3E242A570000C265F4 /* ITS_FavoritesViewModel.m */; };
		FE6CA041BE9BD7C296C10537 /* Pods_GoogleBooksWithCoreData.framework in Frameworks */ = {isa = PBXBuildFile; fileRef = EE7872BCCBE80DFF35022156 /* Pods_GoogleBooksWithCoreData.framework */; };
/* End PBXBuildFile section */

/* Begin PBXFileReference section */
		414193432EC5E53F3EA44729 /* Pods-GoogleBooksWithCoreData.release.xcconfig */ = {isa = PBXFileReference; includeInIndex = 1; lastKnownFileType = text.xcconfig; name = "Pods-GoogleBooksWithCoreData.release.xcconfig"; path = "Target Support Files/Pods-GoogleBooksWithCoreData/Pods-GoogleBooksWithCoreData.release.xcconfig"; sourceTree = "<group>"; };
		53C0853533F2DC71B2C5C39B /* Pods-GoogleBooksWithCoreData.debug.xcconfig */ = {isa = PBXFileReference; includeInIndex = 1; lastKnownFileType = text.xcconfig; name = "Pods-GoogleBooksWithCoreData.debug.xcconfig"; path = "Target Support Files/Pods-GoogleBooksWithCoreData/Pods-GoogleBooksWithCoreData.debug.xcconfig"; sourceTree = "<group>"; };
		E627BA93242A139E0034792D /* GoogleBooksWithCoreData.app */ = {isa = PBXFileReference; explicitFileType = wrapper.application; includeInIndex = 0; path = GoogleBooksWithCoreData.app; sourceTree = BUILT_PRODUCTS_DIR; };
		E627BA96242A139E0034792D /* AppDelegate.h */ = {isa = PBXFileReference; lastKnownFileType = sourcecode.c.h; path = AppDelegate.h; sourceTree = "<group>"; };
		E627BA97242A139E0034792D /* AppDelegate.m */ = {isa = PBXFileReference; lastKnownFileType = sourcecode.c.objc; path = AppDelegate.m; sourceTree = "<group>"; };
		E627BA99242A139E0034792D /* SceneDelegate.h */ = {isa = PBXFileReference; lastKnownFileType = sourcecode.c.h; path = SceneDelegate.h; sourceTree = "<group>"; };
		E627BA9A242A139E0034792D /* SceneDelegate.m */ = {isa = PBXFileReference; lastKnownFileType = sourcecode.c.objc; path = SceneDelegate.m; sourceTree = "<group>"; };
		E627BAA0242A139E0034792D /* Base */ = {isa = PBXFileReference; lastKnownFileType = file.storyboard; name = Base; path = Base.lproj/Main.storyboard; sourceTree = "<group>"; };
		E627BAA3242A139E0034792D /* GoogleBooksWithCoreData.xcdatamodel */ = {isa = PBXFileReference; lastKnownFileType = wrapper.xcdatamodel; path = GoogleBooksWithCoreData.xcdatamodel; sourceTree = "<group>"; };
		E627BAA5242A13A20034792D /* Assets.xcassets */ = {isa = PBXFileReference; lastKnownFileType = folder.assetcatalog; path = Assets.xcassets; sourceTree = "<group>"; };
		E627BAA8242A13A20034792D /* Base */ = {isa = PBXFileReference; lastKnownFileType = file.storyboard; name = Base; path = Base.lproj/LaunchScreen.storyboard; sourceTree = "<group>"; };
		E627BAAA242A13A20034792D /* Info.plist */ = {isa = PBXFileReference; lastKnownFileType = text.plist.xml; path = Info.plist; sourceTree = "<group>"; };
		E627BAAB242A13A20034792D /* main.m */ = {isa = PBXFileReference; lastKnownFileType = sourcecode.c.objc; path = main.m; sourceTree = "<group>"; };
		E627BABB242A19440034792D /* ITS_ServiceUtils.h */ = {isa = PBXFileReference; lastKnownFileType = sourcecode.c.h; path = ITS_ServiceUtils.h; sourceTree = "<group>"; };
		E627BABC242A19440034792D /* ITS_ServiceUtils.m */ = {isa = PBXFileReference; lastKnownFileType = sourcecode.c.objc; path = ITS_ServiceUtils.m; sourceTree = "<group>"; };
		E627BABE242A199C0034792D /* ITS_ServiceManager.h */ = {isa = PBXFileReference; lastKnownFileType = sourcecode.c.h; path = ITS_ServiceManager.h; sourceTree = "<group>"; };
		E627BABF242A199C0034792D /* ITS_ServiceManager.m */ = {isa = PBXFileReference; lastKnownFileType = sourcecode.c.objc; path = ITS_ServiceManager.m; sourceTree = "<group>"; };
		E627BAC1242A1AF20034792D /* ITS_Repository.h */ = {isa = PBXFileReference; lastKnownFileType = sourcecode.c.h; path = ITS_Repository.h; sourceTree = "<group>"; };
		E627BAC2242A1AF20034792D /* ITS_Repository.m */ = {isa = PBXFileReference; lastKnownFileType = sourcecode.c.objc; path = ITS_Repository.m; sourceTree = "<group>"; };
		E627BAC5242A1DC60034792D /* ITS_BookSearchViewModel.h */ = {isa = PBXFileReference; lastKnownFileType = sourcecode.c.h; path = ITS_BookSearchViewModel.h; sourceTree = "<group>"; };
		E627BAC6242A1DC60034792D /* ITS_BookSearchViewModel.m */ = {isa = PBXFileReference; lastKnownFileType = sourcecode.c.objc; path = ITS_BookSearchViewModel.m; sourceTree = "<group>"; };
		E627BAE2242A22E60034792D /* ITS_BookSearchViewController.h */ = {isa = PBXFileReference; lastKnownFileType = sourcecode.c.h; path = ITS_BookSearchViewController.h; sourceTree = "<group>"; };
		E627BAE3242A22E60034792D /* ITS_BookSearchViewController.m */ = {isa = PBXFileReference; lastKnownFileType = sourcecode.c.objc; path = ITS_BookSearchViewController.m; sourceTree = "<group>"; };
		E627BAE7242A242B0034792D /* ITS_BookTableViewCell.h */ = {isa = PBXFileReference; lastKnownFileType = sourcecode.c.h; path = ITS_BookTableViewCell.h; sourceTree = "<group>"; };
		E627BAE8242A242B0034792D /* ITS_BookTableViewCell.m */ = {isa = PBXFileReference; lastKnownFileType = sourcecode.c.objc; path = ITS_BookTableViewCell.m; sourceTree = "<group>"; };
		E627BAE9242A242B0034792D /* ITS_BookTableViewCell.xib */ = {isa = PBXFileReference; lastKnownFileType = file.xib; path = ITS_BookTableViewCell.xib; sourceTree = "<group>"; };
		E627BAF5242A2CBD0034792D /* ITS_CoreDataManager.h */ = {isa = PBXFileReference; lastKnownFileType = sourcecode.c.h; path = ITS_CoreDataManager.h; sourceTree = "<group>"; };
		E627BAF6242A2CBD0034792D /* ITS_CoreDataManager.m */ = {isa = PBXFileReference; lastKnownFileType = sourcecode.c.objc; path = ITS_CoreDataManager.m; sourceTree = "<group>"; };
		E67C9A34242A3EE500C265F4 /* Book+CoreDataProperties.h */ = {isa = PBXFileReference; lastKnownFileType = sourcecode.c.h; path = "Book+CoreDataProperties.h"; sourceTree = "<group>"; };
		E67C9A35242A3EE500C265F4 /* Book+CoreDataClass.h */ = {isa = PBXFileReference; lastKnownFileType = sourcecode.c.h; path = "Book+CoreDataClass.h"; sourceTree = "<group>"; };
		E67C9A36242A3EE500C265F4 /* Book+CoreDataClass.m */ = {isa = PBXFileReference; lastKnownFileType = sourcecode.c.objc; path = "Book+CoreDataClass.m"; sourceTree = "<group>"; };
		E67C9A37242A3EE500C265F4 /* Book+CoreDataProperties.m */ = {isa = PBXFileReference; lastKnownFileType = sourcecode.c.objc; path = "Book+CoreDataProperties.m"; sourceTree = "<group>"; };
		E67C9A3A242A564200C265F4 /* ITS_FavoritesViewController.h */ = {isa = PBXFileReference; lastKnownFileType = sourcecode.c.h; path = ITS_FavoritesViewController.h; sourceTree = "<group>"; };
		E67C9A3B242A564200C265F4 /* ITS_FavoritesViewController.m */ = {isa = PBXFileReference; lastKnownFileType = sourcecode.c.objc; path = ITS_FavoritesViewController.m; sourceTree = "<group>"; };
		E67C9A3D242A570000C265F4 /* ITS_FavoritesViewModel.h */ = {isa = PBXFileReference; lastKnownFileType = sourcecode.c.h; path = ITS_FavoritesViewModel.h; sourceTree = "<group>"; };
		E67C9A3E242A570000C265F4 /* ITS_FavoritesViewModel.m */ = {isa = PBXFileReference; lastKnownFileType = sourcecode.c.objc; path = ITS_FavoritesViewModel.m; sourceTree = "<group>"; };
		EE7872BCCBE80DFF35022156 /* Pods_GoogleBooksWithCoreData.framework */ = {isa = PBXFileReference; explicitFileType = wrapper.framework; includeInIndex = 0; path = Pods_GoogleBooksWithCoreData.framework; sourceTree = BUILT_PRODUCTS_DIR; };
/* End PBXFileReference section */

/* Begin PBXFrameworksBuildPhase section */
		E627BA90242A139E0034792D /* Frameworks */ = {
			isa = PBXFrameworksBuildPhase;
			buildActionMask = 2147483647;
			files = (
				FE6CA041BE9BD7C296C10537 /* Pods_GoogleBooksWithCoreData.framework in Frameworks */,
			);
			runOnlyForDeploymentPostprocessing = 0;
		};
/* End PBXFrameworksBuildPhase section */

/* Begin PBXGroup section */
		3A405C6AFEC50F29C65A0A9C /* Frameworks */ = {
			isa = PBXGroup;
			children = (
				EE7872BCCBE80DFF35022156 /* Pods_GoogleBooksWithCoreData.framework */,
			);
			name = Frameworks;
			sourceTree = "<group>";
		};
		C65A6AECC5FBD620FEBFFEE7 /* Pods */ = {
			isa = PBXGroup;
			children = (
				53C0853533F2DC71B2C5C39B /* Pods-GoogleBooksWithCoreData.debug.xcconfig */,
				414193432EC5E53F3EA44729 /* Pods-GoogleBooksWithCoreData.release.xcconfig */,
			);
			path = Pods;
			sourceTree = "<group>";
		};
		E627BA8A242A139E0034792D = {
			isa = PBXGroup;
			children = (
				E627BA95242A139E0034792D /* GoogleBooksWithCoreData */,
				E627BA94242A139E0034792D /* Products */,
				C65A6AECC5FBD620FEBFFEE7 /* Pods */,
				3A405C6AFEC50F29C65A0A9C /* Frameworks */,
			);
			sourceTree = "<group>";
		};
		E627BA94242A139E0034792D /* Products */ = {
			isa = PBXGroup;
			children = (
				E627BA93242A139E0034792D /* GoogleBooksWithCoreData.app */,
			);
			name = Products;
			sourceTree = "<group>";
		};
		E627BA95242A139E0034792D /* GoogleBooksWithCoreData */ = {
			isa = PBXGroup;
			children = (
				E627BAE5242A23F10034792D /* Design */,
				E627BAC4242A1DA80034792D /* ITS_Controls */,
				E627BAB3242A14730034792D /* ViewControllers */,
				E627BAB2242A14610034792D /* Storyboards */,
				E627BAB4242A147F0034792D /* ITSServices */,
				E627BAA2242A139E0034792D /* GoogleBooksWithCoreData.xcdatamodeld */,
				E627BAA5242A13A20034792D /* Assets.xcassets */,
				E627BAAA242A13A20034792D /* Info.plist */,
				E627BAAB242A13A20034792D /* main.m */,
				E627BA96242A139E0034792D /* AppDelegate.h */,
				E627BA97242A139E0034792D /* AppDelegate.m */,
				E627BA99242A139E0034792D /* SceneDelegate.h */,
				E627BA9A242A139E0034792D /* SceneDelegate.m */,
			);
			path = GoogleBooksWithCoreData;
			sourceTree = "<group>";
		};
		E627BAB2242A14610034792D /* Storyboards */ = {
			isa = PBXGroup;
			children = (
				E627BA9F242A139E0034792D /* Main.storyboard */,
				E627BAA7242A13A20034792D /* LaunchScreen.storyboard */,
			);
			path = Storyboards;
			sourceTree = "<group>";
		};
		E627BAB3242A14730034792D /* ViewControllers */ = {
			isa = PBXGroup;
			children = (
				E627BAE2242A22E60034792D /* ITS_BookSearchViewController.h */,
				E627BAE3242A22E60034792D /* ITS_BookSearchViewController.m */,
				E67C9A3A242A564200C265F4 /* ITS_FavoritesViewController.h */,
				E67C9A3B242A564200C265F4 /* ITS_FavoritesViewController.m */,
			);
			path = ViewControllers;
			sourceTree = "<group>";
		};
		E627BAB4242A147F0034792D /* ITSServices */ = {
			isa = PBXGroup;
			children = (
				E627BAC1242A1AF20034792D /* ITS_Repository.h */,
				E627BAC2242A1AF20034792D /* ITS_Repository.m */,
				E627BAF5242A2CBD0034792D /* ITS_CoreDataManager.h */,
				E627BAF6242A2CBD0034792D /* ITS_CoreDataManager.m */,
				E627BABE242A199C0034792D /* ITS_ServiceManager.h */,
				E627BABF242A199C0034792D /* ITS_ServiceManager.m */,
				E627BABB242A19440034792D /* ITS_ServiceUtils.h */,
				E627BABC242A19440034792D /* ITS_ServiceUtils.m */,
			);
			path = ITSServices;
			sourceTree = "<group>";
		};
		E627BAC4242A1DA80034792D /* ITS_Controls */ = {
			isa = PBXGroup;
			children = (
				E627BAC9242A1E4C0034792D /* Models */,
				E627BAC8242A1E440034792D /* ViewModels */,
			);
			path = ITS_Controls;
			sourceTree = "<group>";
		};
		E627BAC8242A1E440034792D /* ViewModels */ = {
			isa = PBXGroup;
			children = (
				E627BAC5242A1DC60034792D /* ITS_BookSearchViewModel.h */,
				E627BAC6242A1DC60034792D /* ITS_BookSearchViewModel.m */,
				E67C9A3D242A570000C265F4 /* ITS_FavoritesViewModel.h */,
				E67C9A3E242A570000C265F4 /* ITS_FavoritesViewModel.m */,
			);
			path = ViewModels;
			sourceTree = "<group>";
		};
		E627BAC9242A1E4C0034792D /* Models */ = {
			isa = PBXGroup;
			children = (
				E67C9A34242A3EE500C265F4 /* Book+CoreDataProperties.h */,
				E67C9A35242A3EE500C265F4 /* Book+CoreDataClass.h */,
				E67C9A36242A3EE500C265F4 /* Book+CoreDataClass.m */,
				E67C9A37242A3EE500C265F4 /* Book+CoreDataProperties.m */,
			);
			path = Models;
			sourceTree = "<group>";
		};
		E627BAE5242A23F10034792D /* Design */ = {
			isa = PBXGroup;
			children = (
				E627BAE6242A23FC0034792D /* Cells */,
			);
			path = Design;
			sourceTree = "<group>";
		};
		E627BAE6242A23FC0034792D /* Cells */ = {
			isa = PBXGroup;
			children = (
				E627BAE7242A242B0034792D /* ITS_BookTableViewCell.h */,
				E627BAE8242A242B0034792D /* ITS_BookTableViewCell.m */,
				E627BAE9242A242B0034792D /* ITS_BookTableViewCell.xib */,
			);
			path = Cells;
			sourceTree = "<group>";
		};
/* End PBXGroup section */

/* Begin PBXNativeTarget section */
		E627BA92242A139E0034792D /* GoogleBooksWithCoreData */ = {
			isa = PBXNativeTarget;
			buildConfigurationList = E627BAAF242A13A20034792D /* Build configuration list for PBXNativeTarget "GoogleBooksWithCoreData" */;
			buildPhases = (
				77A3704C4E5A6D642EEE866B /* [CP] Check Pods Manifest.lock */,
				E627BA8F242A139E0034792D /* Sources */,
				E627BA90242A139E0034792D /* Frameworks */,
				E627BA91242A139E0034792D /* Resources */,
				1CE2E068788C2684B7F0D7C4 /* [CP] Embed Pods Frameworks */,
			);
			buildRules = (
			);
			dependencies = (
			);
			name = GoogleBooksWithCoreData;
			productName = GoogleBooksWithCoreData;
			productReference = E627BA93242A139E0034792D /* GoogleBooksWithCoreData.app */;
			productType = "com.apple.product-type.application";
		};
/* End PBXNativeTarget section */

/* Begin PBXProject section */
		E627BA8B242A139E0034792D /* Project object */ = {
			isa = PBXProject;
			attributes = {
				LastUpgradeCheck = 1130;
				ORGANIZATIONNAME = "Bernardo Ribeiro";
				TargetAttributes = {
					E627BA92242A139E0034792D = {
						CreatedOnToolsVersion = 11.3.1;
					};
				};
			};
			buildConfigurationList = E627BA8E242A139E0034792D /* Build configuration list for PBXProject "GoogleBooksWithCoreData" */;
			compatibilityVersion = "Xcode 9.3";
			developmentRegion = en;
			hasScannedForEncodings = 0;
			knownRegions = (
				en,
				Base,
			);
			mainGroup = E627BA8A242A139E0034792D;
			productRefGroup = E627BA94242A139E0034792D /* Products */;
			projectDirPath = "";
			projectRoot = "";
			targets = (
				E627BA92242A139E0034792D /* GoogleBooksWithCoreData */,
			);
		};
/* End PBXProject section */

/* Begin PBXResourcesBuildPhase section */
		E627BA91242A139E0034792D /* Resources */ = {
			isa = PBXResourcesBuildPhase;
			buildActionMask = 2147483647;
			files = (
				E627BAA9242A13A20034792D /* LaunchScreen.storyboard in Resources */,
				E627BAA6242A13A20034792D /* Assets.xcassets in Resources */,
				E627BAA1242A139E0034792D /* Main.storyboard in Resources */,
				E627BAEB242A242B0034792D /* ITS_BookTableViewCell.xib in Resources */,
			);
			runOnlyForDeploymentPostprocessing = 0;
		};
/* End PBXResourcesBuildPhase section */

/* Begin PBXShellScriptBuildPhase section */
		1CE2E068788C2684B7F0D7C4 /* [CP] Embed Pods Frameworks */ = {
			isa = PBXShellScriptBuildPhase;
			buildActionMask = 2147483647;
			files = (
			);
			inputFileListPaths = (
				"${PODS_ROOT}/Target Support Files/Pods-GoogleBooksWithCoreData/Pods-GoogleBooksWithCoreData-frameworks-${CONFIGURATION}-input-files.xcfilelist",
			);
			name = "[CP] Embed Pods Frameworks";
			outputFileListPaths = (
				"${PODS_ROOT}/Target Support Files/Pods-GoogleBooksWithCoreData/Pods-GoogleBooksWithCoreData-frameworks-${CONFIGURATION}-output-files.xcfilelist",
			);
			runOnlyForDeploymentPostprocessing = 0;
			shellPath = /bin/sh;
			shellScript = "\"${PODS_ROOT}/Target Support Files/Pods-GoogleBooksWithCoreData/Pods-GoogleBooksWithCoreData-frameworks.sh\"\n";
			showEnvVarsInLog = 0;
		};
		77A3704C4E5A6D642EEE866B /* [CP] Check Pods Manifest.lock */ = {
			isa = PBXShellScriptBuildPhase;
			buildActionMask = 2147483647;
			files = (
			);
			inputFileListPaths = (
			);
			inputPaths = (
				"${PODS_PODFILE_DIR_PATH}/Podfile.lock",
				"${PODS_ROOT}/Manifest.lock",
			);
			name = "[CP] Check Pods Manifest.lock";
			outputFileListPaths = (
			);
			outputPaths = (
				"$(DERIVED_FILE_DIR)/Pods-GoogleBooksWithCoreData-checkManifestLockResult.txt",
			);
			runOnlyForDeploymentPostprocessing = 0;
			shellPath = /bin/sh;
			shellScript = "diff \"${PODS_PODFILE_DIR_PATH}/Podfile.lock\" \"${PODS_ROOT}/Manifest.lock\" > /dev/null\nif [ $? != 0 ] ; then\n    # print error to STDERR\n    echo \"error: The sandbox is not in sync with the Podfile.lock. Run 'pod install' or update your CocoaPods installation.\" >&2\n    exit 1\nfi\n# This output is used by Xcode 'outputs' to avoid re-running this script phase.\necho \"SUCCESS\" > \"${SCRIPT_OUTPUT_FILE_0}\"\n";
			showEnvVarsInLog = 0;
		};
/* End PBXShellScriptBuildPhase section */

/* Begin PBXSourcesBuildPhase section */
		E627BA8F242A139E0034792D /* Sources */ = {
			isa = PBXSourcesBuildPhase;
			buildActionMask = 2147483647;
			files = (
				E627BAC7242A1DC60034792D /* ITS_BookSearchViewModel.m in Sources */,
				E627BAAC242A13A20034792D /* main.m in Sources */,
				E627BAF7242A2CBD0034792D /* ITS_CoreDataManager.m in Sources */,
				E627BA98242A139E0034792D /* AppDelegate.m in Sources */,
				E627BAC3242A1AF20034792D /* ITS_Repository.m in Sources */,
				E627BAA4242A139E0034792D /* GoogleBooksWithCoreData.xcdatamodeld in Sources */,
				E67C9A38242A3EE500C265F4 /* Book+CoreDataClass.m in Sources */,
				E67C9A3C242A564200C265F4 /* ITS_FavoritesViewController.m in Sources */,
				E627BA9B242A139E0034792D /* SceneDelegate.m in Sources */,
				E627BAE4242A22E60034792D /* ITS_BookSearchViewController.m in Sources */,
				E67C9A39242A3EE500C265F4 /* Book+CoreDataProperties.m in Sources */,
				E627BAC0242A199C0034792D /* ITS_ServiceManager.m in Sources */,
				E67C9A3F242A570000C265F4 /* ITS_FavoritesViewModel.m in Sources */,
				E627BABD242A19440034792D /* ITS_ServiceUtils.m in Sources */,
				E627BAEA242A242B0034792D /* ITS_BookTableViewCell.m in Sources */,
			);
			runOnlyForDeploymentPostprocessing = 0;
		};
/* End PBXSourcesBuildPhase section */

/* Begin PBXVariantGroup section */
		E627BA9F242A139E0034792D /* Main.storyboard */ = {
			isa = PBXVariantGroup;
			children = (
				E627BAA0242A139E0034792D /* Base */,
			);
			name = Main.storyboard;
			sourceTree = "<group>";
		};
		E627BAA7242A13A20034792D /* LaunchScreen.storyboard */ = {
			isa = PBXVariantGroup;
			children = (
				E627BAA8242A13A20034792D /* Base */,
			);
			name = LaunchScreen.storyboard;
			sourceTree = "<group>";
		};
/* End PBXVariantGroup section */

/* Begin XCBuildConfiguration section */
		E627BAAD242A13A20034792D /* Debug */ = {
			isa = XCBuildConfiguration;
			buildSettings = {
				ALWAYS_SEARCH_USER_PATHS = NO;
				CLANG_ANALYZER_NONNULL = YES;
				CLANG_ANALYZER_NUMBER_OBJECT_CONVERSION = YES_AGGRESSIVE;
				CLANG_CXX_LANGUAGE_STANDARD = "gnu++14";
				CLANG_CXX_LIBRARY = "libc++";
				CLANG_ENABLE_MODULES = YES;
				CLANG_ENABLE_OBJC_ARC = YES;
				CLANG_ENABLE_OBJC_WEAK = YES;
				CLANG_WARN_BLOCK_CAPTURE_AUTORELEASING = YES;
				CLANG_WARN_BOOL_CONVERSION = YES;
				CLANG_WARN_COMMA = YES;
				CLANG_WARN_CONSTANT_CONVERSION = YES;
				CLANG_WARN_DEPRECATED_OBJC_IMPLEMENTATIONS = YES;
				CLANG_WARN_DIRECT_OBJC_ISA_USAGE = YES_ERROR;
				CLANG_WARN_DOCUMENTATION_COMMENTS = YES;
				CLANG_WARN_EMPTY_BODY = YES;
				CLANG_WARN_ENUM_CONVERSION = YES;
				CLANG_WARN_INFINITE_RECURSION = YES;
				CLANG_WARN_INT_CONVERSION = YES;
				CLANG_WARN_NON_LITERAL_NULL_CONVERSION = YES;
				CLANG_WARN_OBJC_IMPLICIT_RETAIN_SELF = YES;
				CLANG_WARN_OBJC_LITERAL_CONVERSION = YES;
				CLANG_WARN_OBJC_ROOT_CLASS = YES_ERROR;
				CLANG_WARN_RANGE_LOOP_ANALYSIS = YES;
				CLANG_WARN_STRICT_PROTOTYPES = YES;
				CLANG_WARN_SUSPICIOUS_MOVE = YES;
				CLANG_WARN_UNGUARDED_AVAILABILITY = YES_AGGRESSIVE;
				CLANG_WARN_UNREACHABLE_CODE = YES;
				CLANG_WARN__DUPLICATE_METHOD_MATCH = YES;
				COPY_PHASE_STRIP = NO;
				DEBUG_INFORMATION_FORMAT = dwarf;
				ENABLE_STRICT_OBJC_MSGSEND = YES;
				ENABLE_TESTABILITY = YES;
				GCC_C_LANGUAGE_STANDARD = gnu11;
				GCC_DYNAMIC_NO_PIC = NO;
				GCC_NO_COMMON_BLOCKS = YES;
				GCC_OPTIMIZATION_LEVEL = 0;
				GCC_PREPROCESSOR_DEFINITIONS = (
					"DEBUG=1",
					"$(inherited)",
				);
				GCC_WARN_64_TO_32_BIT_CONVERSION = YES;
				GCC_WARN_ABOUT_RETURN_TYPE = YES_ERROR;
				GCC_WARN_UNDECLARED_SELECTOR = YES;
				GCC_WARN_UNINITIALIZED_AUTOS = YES_AGGRESSIVE;
				GCC_WARN_UNUSED_FUNCTION = YES;
				GCC_WARN_UNUSED_VARIABLE = YES;
				IPHONEOS_DEPLOYMENT_TARGET = 13.2;
				MTL_ENABLE_DEBUG_INFO = INCLUDE_SOURCE;
				MTL_FAST_MATH = YES;
				ONLY_ACTIVE_ARCH = YES;
				SDKROOT = iphoneos;
			};
			name = Debug;
		};
		E627BAAE242A13A20034792D /* Release */ = {
			isa = XCBuildConfiguration;
			buildSettings = {
				ALWAYS_SEARCH_USER_PATHS = NO;
				CLANG_ANALYZER_NONNULL = YES;
				CLANG_ANALYZER_NUMBER_OBJECT_CONVERSION = YES_AGGRESSIVE;
				CLANG_CXX_LANGUAGE_STANDARD = "gnu++14";
				CLANG_CXX_LIBRARY = "libc++";
				CLANG_ENABLE_MODULES = YES;
				CLANG_ENABLE_OBJC_ARC = YES;
				CLANG_ENABLE_OBJC_WEAK = YES;
				CLANG_WARN_BLOCK_CAPTURE_AUTORELEASING = YES;
				CLANG_WARN_BOOL_CONVERSION = YES;
				CLANG_WARN_COMMA = YES;
				CLANG_WARN_CONSTANT_CONVERSION = YES;
				CLANG_WARN_DEPRECATED_OBJC_IMPLEMENTATIONS = YES;
				CLANG_WARN_DIRECT_OBJC_ISA_USAGE = YES_ERROR;
				CLANG_WARN_DOCUMENTATION_COMMENTS = YES;
				CLANG_WARN_EMPTY_BODY = YES;
				CLANG_WARN_ENUM_CONVERSION = YES;
				CLANG_WARN_INFINITE_RECURSION = YES;
				CLANG_WARN_INT_CONVERSION = YES;
				CLANG_WARN_NON_LITERAL_NULL_CONVERSION = YES;
				CLANG_WARN_OBJC_IMPLICIT_RETAIN_SELF = YES;
				CLANG_WARN_OBJC_LITERAL_CONVERSION = YES;
				CLANG_WARN_OBJC_ROOT_CLASS = YES_ERROR;
				CLANG_WARN_RANGE_LOOP_ANALYSIS = YES;
				CLANG_WARN_STRICT_PROTOTYPES = YES;
				CLANG_WARN_SUSPICIOUS_MOVE = YES;
				CLANG_WARN_UNGUARDED_AVAILABILITY = YES_AGGRESSIVE;
				CLANG_WARN_UNREACHABLE_CODE = YES;
				CLANG_WARN__DUPLICATE_METHOD_MATCH = YES;
				COPY_PHASE_STRIP = NO;
				DEBUG_INFORMATION_FORMAT = "dwarf-with-dsym";
				ENABLE_NS_ASSERTIONS = NO;
				ENABLE_STRICT_OBJC_MSGSEND = YES;
				GCC_C_LANGUAGE_STANDARD = gnu11;
				GCC_NO_COMMON_BLOCKS = YES;
				GCC_WARN_64_TO_32_BIT_CONVERSION = YES;
				GCC_WARN_ABOUT_RETURN_TYPE = YES_ERROR;
				GCC_WARN_UNDECLARED_SELECTOR = YES;
				GCC_WARN_UNINITIALIZED_AUTOS = YES_AGGRESSIVE;
				GCC_WARN_UNUSED_FUNCTION = YES;
				GCC_WARN_UNUSED_VARIABLE = YES;
				IPHONEOS_DEPLOYMENT_TARGET = 13.2;
				MTL_ENABLE_DEBUG_INFO = NO;
				MTL_FAST_MATH = YES;
				SDKROOT = iphoneos;
				VALIDATE_PRODUCT = YES;
			};
			name = Release;
		};
		E627BAB0242A13A20034792D /* Debug */ = {
			isa = XCBuildConfiguration;
			baseConfigurationReference = 53C0853533F2DC71B2C5C39B /* Pods-GoogleBooksWithCoreData.debug.xcconfig */;
			buildSettings = {
				ASSETCATALOG_COMPILER_APPICON_NAME = AppIcon;
				CODE_SIGN_STYLE = Automatic;
				DEVELOPMENT_TEAM = 93UZLK8LB6;
				INFOPLIST_FILE = GoogleBooksWithCoreData/Info.plist;
				PRODUCT_BUNDLE_IDENTIFIER = bernardoribeiro.GoogleBooksWithCoreData;
				PRODUCT_NAME = "$(TARGET_NAME)";
				TARGETED_DEVICE_FAMILY = "1,2";
			};
			name = Debug;
		};
		E627BAB1242A13A20034792D /* Release */ = {
			isa = XCBuildConfiguration;
			baseConfigurationReference = 414193432EC5E53F3EA44729 /* Pods-GoogleBooksWithCoreData.release.xcconfig */;
			buildSettings = {
				ASSETCATALOG_COMPILER_APPICON_NAME = AppIcon;
				CODE_SIGN_STYLE = Automatic;
				DEVELOPMENT_TEAM = 93UZLK8LB6;
				INFOPLIST_FILE = GoogleBooksWithCoreData/Info.plist;
				PRODUCT_BUNDLE_IDENTIFIER = bernardoribeiro.GoogleBooksWithCoreData;
				PRODUCT_NAME = "$(TARGET_NAME)";
				TARGETED_DEVICE_FAMILY = "1,2";
			};
			name = Release;
		};
/* End XCBuildConfiguration section */

/* Begin XCConfigurationList section */
		E627BA8E242A139E0034792D /* Build configuration list for PBXProject "GoogleBooksWithCoreData" */ = {
			isa = XCConfigurationList;
			buildConfigurations = (
				E627BAAD242A13A20034792D /* Debug */,
				E627BAAE242A13A20034792D /* Release */,
			);
			defaultConfigurationIsVisible = 0;
			defaultConfigurationName = Release;
		};
		E627BAAF242A13A20034792D /* Build configuration list for PBXNativeTarget "GoogleBooksWithCoreData" */ = {
			isa = XCConfigurationList;
			buildConfigurations = (
				E627BAB0242A13A20034792D /* Debug */,
				E627BAB1242A13A20034792D /* Release */,
			);
			defaultConfigurationIsVisible = 0;
			defaultConfigurationName = Release;
		};
/* End XCConfigurationList section */

/* Begin XCVersionGroup section */
		E627BAA2242A139E0034792D /* GoogleBooksWithCoreData.xcdatamodeld */ = {
			isa = XCVersionGroup;
			children = (
				E627BAA3242A139E0034792D /* GoogleBooksWithCoreData.xcdatamodel */,
			);
			currentVersion = E627BAA3242A139E0034792D /* GoogleBooksWithCoreData.xcdatamodel */;
			path = GoogleBooksWithCoreData.xcdatamodeld;
			sourceTree = "<group>";
			versionGroupType = wrapper.xcdatamodel;
		};
/* End XCVersionGroup section */
	};
	rootObject = E627BA8B242A139E0034792D /* Project object */;
}
